
Microsoft Visual Studio Solution File, Format Version 12.00
# Visual Studio 15
VisualStudioVersion = 15.0.28307.572
MinimumVisualStudioVersion = 10.0.40219.1
Project("{FAE04EC0-301F-11D3-BF4B-00C04F79EFBC}") = "Invoice App", "Invoice App\Invoice App.csproj", "{3619F511-3DC9-40E1-BE01-A31071F4E615}"
EndProject
Project("{FAE04EC0-301F-11D3-BF4B-00C04F79EFBC}") = "Invoice AppTests", "Invoice AppTests\Invoice AppTests.csproj", "{8D032CA3-6FCB-4B90-8A83-32AE09649252}"
EndProject
Global
	GlobalSection(SolutionConfigurationPlatforms) = preSolution
		Debug|Any CPU = Debug|Any CPU
		Release|Any CPU = Release|Any CPU
	EndGlobalSection
	GlobalSection(ProjectConfigurationPlatforms) = postSolution
		{3619F511-3DC9-40E1-BE01-A31071F4E615}.Debug|Any CPU.ActiveCfg = Debug|Any CPU
		{3619F511-3DC9-40E1-BE01-A31071F4E615}.Debug|Any CPU.Build.0 = Debug|Any CPU
		{3619F511-3DC9-40E1-BE01-A31071F4E615}.Release|Any CPU.ActiveCfg = Release|Any CPU
		{3619F511-3DC9-40E1-BE01-A31071F4E615}.Release|Any CPU.Build.0 = Release|Any CPU
		{8D032CA3-6FCB-4B90-8A83-32AE09649252}.Debug|Any CPU.ActiveCfg = Debug|Any CPU
		{8D032CA3-6FCB-4B90-8A83-32AE09649252}.Debug|Any CPU.Build.0 = Debug|Any CPU
		{8D032CA3-6FCB-4B90-8A83-32AE09649252}.Release|Any CPU.ActiveCfg = Release|Any CPU
		{8D032CA3-6FCB-4B90-8A83-32AE09649252}.Release|Any CPU.Build.0 = Release|Any CPU
	EndGlobalSection
	GlobalSection(SolutionProperties) = preSolution
		HideSolutionNode = FALSE
	EndGlobalSection
	GlobalSection(ExtensibilityGlobals) = postSolution
		SolutionGuid = {579BE1CE-44AA-4778-9151-3B886D22CF7E}
	EndGlobalSection
EndGlobal
